
Microsoft Visual Studio Solution File, Format Version 12.00
# Visual Studio 2013
VisualStudioVersion = 12.0.31101.0
MinimumVisualStudioVersion = 10.0.40219.1
Project("{FAE04EC0-301F-11D3-BF4B-00C04F79EFBC}") = "PatternFinder", "PatternFinder\PatternFinder.csproj", "{5FFB2393-5455-49C1-8D45-3EA5C0F22386}"
EndProject
Project("{FAE04EC0-301F-11D3-BF4B-00C04F79EFBC}") = "PatternFinderTest", "PatternFinderTest\PatternFinderTest.csproj", "{349E4E31-0F3A-4542-91DA-784ADF9F8712}"
EndProject
Global
	GlobalSection(SolutionConfigurationPlatforms) = preSolution
		Debug|Any CPU = Debug|Any CPU
		Release|Any CPU = Release|Any CPU
	EndGlobalSection
	GlobalSection(ProjectConfigurationPlatforms) = postSolution
		{5FFB2393-5455-49C1-8D45-3EA5C0F22386}.Debug|Any CPU.ActiveCfg = Debug|Any CPU
		{5FFB2393-5455-49C1-8D45-3EA5C0F22386}.Debug|Any CPU.Build.0 = Debug|Any CPU
		{5FFB2393-5455-49C1-8D45-3EA5C0F22386}.Release|Any CPU.ActiveCfg = Release|Any CPU
		{5FFB2393-5455-49C1-8D45-3EA5C0F22386}.Release|Any CPU.Build.0 = Release|Any CPU
		{349E4E31-0F3A-4542-91DA-784ADF9F8712}.Debug|Any CPU.ActiveCfg = Debug|Any CPU
		{349E4E31-0F3A-4542-91DA-784ADF9F8712}.Debug|Any CPU.Build.0 = Debug|Any CPU
		{349E4E31-0F3A-4542-91DA-784ADF9F8712}.Release|Any CPU.ActiveCfg = Release|Any CPU
		{349E4E31-0F3A-4542-91DA-784ADF9F8712}.Release|Any CPU.Build.0 = Release|Any CPU
	EndGlobalSection
	GlobalSection(SolutionProperties) = preSolution
		HideSolutionNode = FALSE
	EndGlobalSection
EndGlobal
